// !$*UTF8*$!
{
	archiveVersion = 1;
	classes = {
	};
	objectVersion = 46;
	objects = {

/* Begin PBXBuildFile section */
		304844441F0BF5F60018C64D /* AppDelegate.swift in Sources */ = {isa = PBXBuildFile; fileRef = 304844431F0BF5F60018C64D /* AppDelegate.swift */; };
		304844461F0BF5F60018C64D /* ViewController.swift in Sources */ = {isa = PBXBuildFile; fileRef = 304844451F0BF5F60018C64D /* ViewController.swift */; };
		304844491F0BF5F60018C64D /* Main.storyboard in Resources */ = {isa = PBXBuildFile; fileRef = 304844471F0BF5F60018C64D /* Main.storyboard */; };
		3048444B1F0BF5F60018C64D /* Assets.xcassets in Resources */ = {isa = PBXBuildFile; fileRef = 3048444A1F0BF5F60018C64D /* Assets.xcassets */; };
		3048444E1F0BF5F60018C64D /* LaunchScreen.storyboard in Resources */ = {isa = PBXBuildFile; fileRef = 3048444C1F0BF5F60018C64D /* LaunchScreen.storyboard */; };
		304844591F0BF5F70018C64D /* FetchImageTests.swift in Sources */ = {isa = PBXBuildFile; fileRef = 304844581F0BF5F70018C64D /* FetchImageTests.swift */; };
		304844641F0BF5F70018C64D /* FetchImageUITests.swift in Sources */ = {isa = PBXBuildFile; fileRef = 304844631F0BF5F70018C64D /* FetchImageUITests.swift */; };
/* End PBXBuildFile section */

/* Begin PBXContainerItemProxy section */
		304844551F0BF5F70018C64D /* PBXContainerItemProxy */ = {
			isa = PBXContainerItemProxy;
			containerPortal = 304844381F0BF5F60018C64D /* Project object */;
			proxyType = 1;
			remoteGlobalIDString = 3048443F1F0BF5F60018C64D;
			remoteInfo = FetchImage;
		};
		304844601F0BF5F70018C64D /* PBXContainerItemProxy */ = {
			isa = PBXContainerItemProxy;
			containerPortal = 304844381F0BF5F60018C64D /* Project object */;
			proxyType = 1;
			remoteGlobalIDString = 3048443F1F0BF5F60018C64D;
			remoteInfo = FetchImage;
		};
/* End PBXContainerItemProxy section */

/* Begin PBXFileReference section */
		304844401F0BF5F60018C64D /* FetchImage.app */ = {isa = PBXFileReference; explicitFileType = wrapper.application; includeInIndex = 0; path = FetchImage.app; sourceTree = BUILT_PRODUCTS_DIR; };
		304844431F0BF5F60018C64D /* AppDelegate.swift */ = {isa = PBXFileReference; lastKnownFileType = sourcecode.swift; path = AppDelegate.swift; sourceTree = "<group>"; };
		304844451F0BF5F60018C64D /* ViewController.swift */ = {isa = PBXFileReference; lastKnownFileType = sourcecode.swift; path = ViewController.swift; sourceTree = "<group>"; };
		304844481F0BF5F60018C64D /* Base */ = {isa = PBXFileReference; lastKnownFileType = file.storyboard; name = Base; path = Base.lproj/Main.storyboard; sourceTree = "<group>"; };
		3048444A1F0BF5F60018C64D /* Assets.xcassets */ = {isa = PBXFileReference; lastKnownFileType = folder.assetcatalog; path = Assets.xcassets; sourceTree = "<group>"; };
		3048444D1F0BF5F60018C64D /* Base */ = {isa = PBXFileReference; lastKnownFileType = file.storyboard; name = Base; path = Base.lproj/LaunchScreen.storyboard; sourceTree = "<group>"; };
		3048444F1F0BF5F60018C64D /* Info.plist */ = {isa = PBXFileReference; lastKnownFileType = text.plist.xml; path = Info.plist; sourceTree = "<group>"; };
		304844541F0BF5F70018C64D /* FetchImageTests.xctest */ = {isa = PBXFileReference; explicitFileType = wrapper.cfbundle; includeInIndex = 0; path = FetchImageTests.xctest; sourceTree = BUILT_PRODUCTS_DIR; };
		304844581F0BF5F70018C64D /* FetchImageTests.swift */ = {isa = PBXFileReference; lastKnownFileType = sourcecode.swift; path = FetchImageTests.swift; sourceTree = "<group>"; };
		3048445A1F0BF5F70018C64D /* Info.plist */ = {isa = PBXFileReference; lastKnownFileType = text.plist.xml; path = Info.plist; sourceTree = "<group>"; };
		3048445F1F0BF5F70018C64D /* FetchImageUITests.xctest */ = {isa = PBXFileReference; explicitFileType = wrapper.cfbundle; includeInIndex = 0; path = FetchImageUITests.xctest; sourceTree = BUILT_PRODUCTS_DIR; };
		304844631F0BF5F70018C64D /* FetchImageUITests.swift */ = {isa = PBXFileReference; lastKnownFileType = sourcecode.swift; path = FetchImageUITests.swift; sourceTree = "<group>"; };
		304844651F0BF5F70018C64D /* Info.plist */ = {isa = PBXFileReference; lastKnownFileType = text.plist.xml; path = Info.plist; sourceTree = "<group>"; };
/* End PBXFileReference section */

/* Begin PBXFrameworksBuildPhase section */
		3048443D1F0BF5F60018C64D /* Frameworks */ = {
			isa = PBXFrameworksBuildPhase;
			buildActionMask = 2147483647;
			files = (
			);
			runOnlyForDeploymentPostprocessing = 0;
		};
		304844511F0BF5F70018C64D /* Frameworks */ = {
			isa = PBXFrameworksBuildPhase;
			buildActionMask = 2147483647;
			files = (
			);
			runOnlyForDeploymentPostprocessing = 0;
		};
		3048445C1F0BF5F70018C64D /* Frameworks */ = {
			isa = PBXFrameworksBuildPhase;
			buildActionMask = 2147483647;
			files = (
			);
			runOnlyForDeploymentPostprocessing = 0;
		};
/* End PBXFrameworksBuildPhase section */

/* Begin PBXGroup section */
		304844371F0BF5F60018C64D = {
			isa = PBXGroup;
			children = (
				304844421F0BF5F60018C64D /* FetchImage */,
				304844571F0BF5F70018C64D /* FetchImageTests */,
				304844621F0BF5F70018C64D /* FetchImageUITests */,
				304844411F0BF5F60018C64D /* Products */,
			);
			sourceTree = "<group>";
		};
		304844411F0BF5F60018C64D /* Products */ = {
			isa = PBXGroup;
			children = (
				304844401F0BF5F60018C64D /* FetchImage.app */,
				304844541F0BF5F70018C64D /* FetchImageTests.xctest */,
				3048445F1F0BF5F70018C64D /* FetchImageUITests.xctest */,
			);
			name = Products;
			sourceTree = "<group>";
		};
		304844421F0BF5F60018C64D /* FetchImage */ = {
			isa = PBXGroup;
			children = (
				304844431F0BF5F60018C64D /* AppDelegate.swift */,
				304844451F0BF5F60018C64D /* ViewController.swift */,
				304844471F0BF5F60018C64D /* Main.storyboard */,
				3048444A1F0BF5F60018C64D /* Assets.xcassets */,
				3048444C1F0BF5F60018C64D /* LaunchScreen.storyboard */,
				3048444F1F0BF5F60018C64D /* Info.plist */,
			);
			path = FetchImage;
			sourceTree = "<group>";
		};
		304844571F0BF5F70018C64D /* FetchImageTests */ = {
			isa = PBXGroup;
			children = (
				304844581F0BF5F70018C64D /* FetchImageTests.swift */,
				3048445A1F0BF5F70018C64D /* Info.plist */,
			);
			path = FetchImageTests;
			sourceTree = "<group>";
		};
		304844621F0BF5F70018C64D /* FetchImageUITests */ = {
			isa = PBXGroup;
			children = (
				304844631F0BF5F70018C64D /* FetchImageUITests.swift */,
				304844651F0BF5F70018C64D /* Info.plist */,
			);
			path = FetchImageUITests;
			sourceTree = "<group>";
		};
/* End PBXGroup section */

/* Begin PBXNativeTarget section */
		3048443F1F0BF5F60018C64D /* FetchImage */ = {
			isa = PBXNativeTarget;
			buildConfigurationList = 304844681F0BF5F70018C64D /* Build configuration list for PBXNativeTarget "FetchImage" */;
			buildPhases = (
				3048443C1F0BF5F60018C64D /* Sources */,
				3048443D1F0BF5F60018C64D /* Frameworks */,
				3048443E1F0BF5F60018C64D /* Resources */,
			);
			buildRules = (
			);
			dependencies = (
			);
			name = FetchImage;
			productName = FetchImage;
			productReference = 304844401F0BF5F60018C64D /* FetchImage.app */;
			productType = "com.apple.product-type.application";
		};
		304844531F0BF5F70018C64D /* FetchImageTests */ = {
			isa = PBXNativeTarget;
			buildConfigurationList = 3048446B1F0BF5F70018C64D /* Build configuration list for PBXNativeTarget "FetchImageTests" */;
			buildPhases = (
				304844501F0BF5F70018C64D /* Sources */,
				304844511F0BF5F70018C64D /* Frameworks */,
				304844521F0BF5F70018C64D /* Resources */,
			);
			buildRules = (
			);
			dependencies = (
				304844561F0BF5F70018C64D /* PBXTargetDependency */,
			);
			name = FetchImageTests;
			productName = FetchImageTests;
			productReference = 304844541F0BF5F70018C64D /* FetchImageTests.xctest */;
			productType = "com.apple.product-type.bundle.unit-test";
		};
		3048445E1F0BF5F70018C64D /* FetchImageUITests */ = {
			isa = PBXNativeTarget;
			buildConfigurationList = 3048446E1F0BF5F70018C64D /* Build configuration list for PBXNativeTarget "FetchImageUITests" */;
			buildPhases = (
				3048445B1F0BF5F70018C64D /* Sources */,
				3048445C1F0BF5F70018C64D /* Frameworks */,
				3048445D1F0BF5F70018C64D /* Resources */,
			);
			buildRules = (
			);
			dependencies = (
				304844611F0BF5F70018C64D /* PBXTargetDependency */,
			);
			name = FetchImageUITests;
			productName = FetchImageUITests;
			productReference = 3048445F1F0BF5F70018C64D /* FetchImageUITests.xctest */;
			productType = "com.apple.product-type.bundle.ui-testing";
		};
/* End PBXNativeTarget section */

/* Begin PBXProject section */
		304844381F0BF5F60018C64D /* Project object */ = {
			isa = PBXProject;
			attributes = {
				LastSwiftUpdateCheck = 0830;
				LastUpgradeCheck = 0830;
				ORGANIZATIONNAME = "Duy Bùi";
				TargetAttributes = {
					3048443F1F0BF5F60018C64D = {
						CreatedOnToolsVersion = 8.3.1;
						ProvisioningStyle = Automatic;
					};
					304844531F0BF5F70018C64D = {
						CreatedOnToolsVersion = 8.3.1;
						ProvisioningStyle = Automatic;
						TestTargetID = 3048443F1F0BF5F60018C64D;
					};
					3048445E1F0BF5F70018C64D = {
						CreatedOnToolsVersion = 8.3.1;
						ProvisioningStyle = Automatic;
						TestTargetID = 3048443F1F0BF5F60018C64D;
					};
				};
			};
			buildConfigurationList = 3048443B1F0BF5F60018C64D /* Build configuration list for PBXProject "FetchImage" */;
			compatibilityVersion = "Xcode 3.2";
			developmentRegion = English;
			hasScannedForEncodings = 0;
			knownRegions = (
				en,
				Base,
			);
			mainGroup = 304844371F0BF5F60018C64D;
			productRefGroup = 304844411F0BF5F60018C64D /* Products */;
			projectDirPath = "";
			projectRoot = "";
			targets = (
				3048443F1F0BF5F60018C64D /* FetchImage */,
				304844531F0BF5F70018C64D /* FetchImageTests */,
				3048445E1F0BF5F70018C64D /* FetchImageUITests */,
			);
		};
/* End PBXProject section */

/* Begin PBXResourcesBuildPhase section */
		3048443E1F0BF5F60018C64D /* Resources */ = {
			isa = PBXResourcesBuildPhase;
			buildActionMask = 2147483647;
			files = (
				3048444E1F0BF5F60018C64D /* LaunchScreen.storyboard in Resources */,
				3048444B1F0BF5F60018C64D /* Assets.xcassets in Resources */,
				304844491F0BF5F60018C64D /* Main.storyboard in Resources */,
			);
			runOnlyForDeploymentPostprocessing = 0;
		};
		304844521F0BF5F70018C64D /* Resources */ = {
			isa = PBXResourcesBuildPhase;
			buildActionMask = 2147483647;
			files = (
			);
			runOnlyForDeploymentPostprocessing = 0;
		};
		3048445D1F0BF5F70018C64D /* Resources */ = {
			isa = PBXResourcesBuildPhase;
			buildActionMask = 2147483647;
			files = (
			);
			runOnlyForDeploymentPostprocessing = 0;
		};
/* End PBXResourcesBuildPhase section */

/* Begin PBXSourcesBuildPhase section */
		3048443C1F0BF5F60018C64D /* Sources */ = {
			isa = PBXSourcesBuildPhase;
			buildActionMask = 2147483647;
			files = (
				304844461F0BF5F60018C64D /* ViewController.swift in Sources */,
				304844441F0BF5F60018C64D /* AppDelegate.swift in Sources */,
			);
			runOnlyForDeploymentPostprocessing = 0;
		};
		304844501F0BF5F70018C64D /* Sources */ = {
			isa = PBXSourcesBuildPhase;
			buildActionMask = 2147483647;
			files = (
				304844591F0BF5F70018C64D /* FetchImageTests.swift in Sources */,
			);
			runOnlyForDeploymentPostprocessing = 0;
		};
		3048445B1F0BF5F70018C64D /* Sources */ = {
			isa = PBXSourcesBuildPhase;
			buildActionMask = 2147483647;
			files = (
				304844641F0BF5F70018C64D /* FetchImageUITests.swift in Sources */,
			);
			runOnlyForDeploymentPostprocessing = 0;
		};
/* End PBXSourcesBuildPhase section */

/* Begin PBXTargetDependency section */
		304844561F0BF5F70018C64D /* PBXTargetDependency */ = {
			isa = PBXTargetDependency;
			target = 3048443F1F0BF5F60018C64D /* FetchImage */;
			targetProxy = 304844551F0BF5F70018C64D /* PBXContainerItemProxy */;
		};
		304844611F0BF5F70018C64D /* PBXTargetDependency */ = {
			isa = PBXTargetDependency;
			target = 3048443F1F0BF5F60018C64D /* FetchImage */;
			targetProxy = 304844601F0BF5F70018C64D /* PBXContainerItemProxy */;
		};
/* End PBXTargetDependency section */

/* Begin PBXVariantGroup section */
		304844471F0BF5F60018C64D /* Main.storyboard */ = {
			isa = PBXVariantGroup;
			children = (
				304844481F0BF5F60018C64D /* Base */,
			);
			name = Main.storyboard;
			sourceTree = "<group>";
		};
		3048444C1F0BF5F60018C64D /* LaunchScreen.storyboard */ = {
			isa = PBXVariantGroup;
			children = (
				3048444D1F0BF5F60018C64D /* Base */,
			);
			name = LaunchScreen.storyboard;
			sourceTree = "<group>";
		};
/* End PBXVariantGroup section */

/* Begin XCBuildConfiguration section */
		304844661F0BF5F70018C64D /* Debug */ = {
			isa = XCBuildConfiguration;
			buildSettings = {
				ALWAYS_SEARCH_USER_PATHS = NO;
				CLANG_ANALYZER_NONNULL = YES;
				CLANG_ANALYZER_NUMBER_OBJECT_CONVERSION = YES_AGGRESSIVE;
				CLANG_CXX_LANGUAGE_STANDARD = "gnu++0x";
				CLANG_CXX_LIBRARY = "libc++";
				CLANG_ENABLE_MODULES = YES;
				CLANG_ENABLE_OBJC_ARC = YES;
				CLANG_WARN_BOOL_CONVERSION = YES;
				CLANG_WARN_CONSTANT_CONVERSION = YES;
				CLANG_WARN_DIRECT_OBJC_ISA_USAGE = YES_ERROR;
				CLANG_WARN_DOCUMENTATION_COMMENTS = YES;
				CLANG_WARN_EMPTY_BODY = YES;
				CLANG_WARN_ENUM_CONVERSION = YES;
				CLANG_WARN_INFINITE_RECURSION = YES;
				CLANG_WARN_INT_CONVERSION = YES;
				CLANG_WARN_OBJC_ROOT_CLASS = YES_ERROR;
				CLANG_WARN_SUSPICIOUS_MOVE = YES;
				CLANG_WARN_UNREACHABLE_CODE = YES;
				CLANG_WARN__DUPLICATE_METHOD_MATCH = YES;
				"CODE_SIGN_IDENTITY[sdk=iphoneos*]" = "iPhone Developer";
				COPY_PHASE_STRIP = NO;
				DEBUG_INFORMATION_FORMAT = dwarf;
				ENABLE_STRICT_OBJC_MSGSEND = YES;
				ENABLE_TESTABILITY = YES;
				GCC_C_LANGUAGE_STANDARD = gnu99;
				GCC_DYNAMIC_NO_PIC = NO;
				GCC_NO_COMMON_BLOCKS = YES;
				GCC_OPTIMIZATION_LEVEL = 0;
				GCC_PREPROCESSOR_DEFINITIONS = (
					"DEBUG=1",
					"$(inherited)",
				);
				GCC_WARN_64_TO_32_BIT_CONVERSION = YES;
				GCC_WARN_ABOUT_RETURN_TYPE = YES_ERROR;
				GCC_WARN_UNDECLARED_SELECTOR = YES;
				GCC_WARN_UNINITIALIZED_AUTOS = YES_AGGRESSIVE;
				GCC_WARN_UNUSED_FUNCTION = YES;
				GCC_WARN_UNUSED_VARIABLE = YES;
				IPHONEOS_DEPLOYMENT_TARGET = 10.3;
				MTL_ENABLE_DEBUG_INFO = YES;
				ONLY_ACTIVE_ARCH = YES;
				SDKROOT = iphoneos;
				SWIFT_ACTIVE_COMPILATION_CONDITIONS = DEBUG;
				SWIFT_OPTIMIZATION_LEVEL = "-Onone";
				TARGETED_DEVICE_FAMILY = "1,2";
			};
			name = Debug;
		};
		304844671F0BF5F70018C64D /* Release */ = {
			isa = XCBuildConfiguration;
			buildSettings = {
				ALWAYS_SEARCH_USER_PATHS = NO;
				CLANG_ANALYZER_NONNULL = YES;
				CLANG_ANALYZER_NUMBER_OBJECT_CONVERSION = YES_AGGRESSIVE;
				CLANG_CXX_LANGUAGE_STANDARD = "gnu++0x";
				CLANG_CXX_LIBRARY = "libc++";
				CLANG_ENABLE_MODULES = YES;
				CLANG_ENABLE_OBJC_ARC = YES;
				CLANG_WARN_BOOL_CONVERSION = YES;
				CLANG_WARN_CONSTANT_CONVERSION = YES;
				CLANG_WARN_DIRECT_OBJC_ISA_USAGE = YES_ERROR;
				CLANG_WARN_DOCUMENTATION_COMMENTS = YES;
				CLANG_WARN_EMPTY_BODY = YES;
				CLANG_WARN_ENUM_CONVERSION = YES;
				CLANG_WARN_INFINITE_RECURSION = YES;
				CLANG_WARN_INT_CONVERSION = YES;
				CLANG_WARN_OBJC_ROOT_CLASS = YES_ERROR;
				CLANG_WARN_SUSPICIOUS_MOVE = YES;
				CLANG_WARN_UNREACHABLE_CODE = YES;
				CLANG_WARN__DUPLICATE_METHOD_MATCH = YES;
				"CODE_SIGN_IDENTITY[sdk=iphoneos*]" = "iPhone Developer";
				COPY_PHASE_STRIP = NO;
				DEBUG_INFORMATION_FORMAT = "dwarf-with-dsym";
				ENABLE_NS_ASSERTIONS = NO;
				ENABLE_STRICT_OBJC_MSGSEND = YES;
				GCC_C_LANGUAGE_STANDARD = gnu99;
				GCC_NO_COMMON_BLOCKS = YES;
				GCC_WARN_64_TO_32_BIT_CONVERSION = YES;
				GCC_WARN_ABOUT_RETURN_TYPE = YES_ERROR;
				GCC_WARN_UNDECLARED_SELECTOR = YES;
				GCC_WARN_UNINITIALIZED_AUTOS = YES_AGGRESSIVE;
				GCC_WARN_UNUSED_FUNCTION = YES;
				GCC_WARN_UNUSED_VARIABLE = YES;
				IPHONEOS_DEPLOYMENT_TARGET = 10.3;
				MTL_ENABLE_DEBUG_INFO = NO;
				SDKROOT = iphoneos;
				SWIFT_OPTIMIZATION_LEVEL = "-Owholemodule";
				TARGETED_DEVICE_FAMILY = "1,2";
				VALIDATE_PRODUCT = YES;
			};
			name = Release;
		};
		304844691F0BF5F70018C64D /* Debug */ = {
			isa = XCBuildConfiguration;
			buildSettings = {
				ASSETCATALOG_COMPILER_APPICON_NAME = AppIcon;
				INFOPLIST_FILE = FetchImage/Info.plist;
				LD_RUNPATH_SEARCH_PATHS = "$(inherited) @executable_path/Frameworks";
				PRODUCT_BUNDLE_IDENTIFIER = thanhduy.FetchImage;
				PRODUCT_NAME = "$(TARGET_NAME)";
				SWIFT_VERSION = 3.0;
			};
			name = Debug;
		};
		3048446A1F0BF5F70018C64D /* Release */ = {
			isa = XCBuildConfiguration;
			buildSettings = {
				ASSETCATALOG_COMPILER_APPICON_NAME = AppIcon;
				INFOPLIST_FILE = FetchImage/Info.plist;
				LD_RUNPATH_SEARCH_PATHS = "$(inherited) @executable_path/Frameworks";
				PRODUCT_BUNDLE_IDENTIFIER = thanhduy.FetchImage;
				PRODUCT_NAME = "$(TARGET_NAME)";
				SWIFT_VERSION = 3.0;
			};
			name = Release;
		};
		3048446C1F0BF5F70018C64D /* Debug */ = {
			isa = XCBuildConfiguration;
			buildSettings = {
				ALWAYS_EMBED_SWIFT_STANDARD_LIBRARIES = YES;
				BUNDLE_LOADER = "$(TEST_HOST)";
				INFOPLIST_FILE = FetchImageTests/Info.plist;
				LD_RUNPATH_SEARCH_PATHS = "$(inherited) @executable_path/Frameworks @loader_path/Frameworks";
				PRODUCT_BUNDLE_IDENTIFIER = thanhduy.FetchImageTests;
				PRODUCT_NAME = "$(TARGET_NAME)";
				SWIFT_VERSION = 3.0;
				TEST_HOST = "$(BUILT_PRODUCTS_DIR)/FetchImage.app/FetchImage";
			};
			name = Debug;
		};
		3048446D1F0BF5F70018C64D /* Release */ = {
			isa = XCBuildConfiguration;
			buildSettings = {
				ALWAYS_EMBED_SWIFT_STANDARD_LIBRARIES = YES;
				BUNDLE_LOADER = "$(TEST_HOST)";
				INFOPLIST_FILE = FetchImageTests/Info.plist;
				LD_RUNPATH_SEARCH_PATHS = "$(inherited) @executable_path/Frameworks @loader_path/Frameworks";
				PRODUCT_BUNDLE_IDENTIFIER = thanhduy.FetchImageTests;
				PRODUCT_NAME = "$(TARGET_NAME)";
				SWIFT_VERSION = 3.0;
				TEST_HOST = "$(BUILT_PRODUCTS_DIR)/FetchImage.app/FetchImage";
			};
			name = Release;
		};
		3048446F1F0BF5F70018C64D /* Debug */ = {
			isa = XCBuildConfiguration;
			buildSettings = {
				ALWAYS_EMBED_SWIFT_STANDARD_LIBRARIES = YES;
				INFOPLIST_FILE = FetchImageUITests/Info.plist;
				LD_RUNPATH_SEARCH_PATHS = "$(inherited) @executable_path/Frameworks @loader_path/Frameworks";
				PRODUCT_BUNDLE_IDENTIFIER = thanhduy.FetchImageUITests;
				PRODUCT_NAME = "$(TARGET_NAME)";
				SWIFT_VERSION = 3.0;
				TEST_TARGET_NAME = FetchImage;
			};
			name = Debug;
		};
		304844701F0BF5F70018C64D /* Release */ = {
			isa = XCBuildConfiguration;
			buildSettings = {
				ALWAYS_EMBED_SWIFT_STANDARD_LIBRARIES = YES;
				INFOPLIST_FILE = FetchImageUITests/Info.plist;
				LD_RUNPATH_SEARCH_PATHS = "$(inherited) @executable_path/Frameworks @loader_path/Frameworks";
				PRODUCT_BUNDLE_IDENTIFIER = thanhduy.FetchImageUITests;
				PRODUCT_NAME = "$(TARGET_NAME)";
				SWIFT_VERSION = 3.0;
				TEST_TARGET_NAME = FetchImage;
			};
			name = Release;
		};
/* End XCBuildConfiguration section */

/* Begin XCConfigurationList section */
		3048443B1F0BF5F60018C64D /* Build configuration list for PBXProject "FetchImage" */ = {
			isa = XCConfigurationList;
			buildConfigurations = (
				304844661F0BF5F70018C64D /* Debug */,
				304844671F0BF5F70018C64D /* Release */,
			);
			defaultConfigurationIsVisible = 0;
			defaultConfigurationName = Release;
		};
		304844681F0BF5F70018C64D /* Build configuration list for PBXNativeTarget "FetchImage" */ = {
			isa = XCConfigurationList;
			buildConfigurations = (
				304844691F0BF5F70018C64D /* Debug */,
				3048446A1F0BF5F70018C64D /* Release */,
			);
			defaultConfigurationIsVisible = 0;
		};
		3048446B1F0BF5F70018C64D /* Build configuration list for PBXNativeTarget "FetchImageTests" */ = {
			isa = XCConfigurationList;
			buildConfigurations = (
				3048446C1F0BF5F70018C64D /* Debug */,
				3048446D1F0BF5F70018C64D /* Release */,
			);
			defaultConfigurationIsVisible = 0;
		};
		3048446E1F0BF5F70018C64D /* Build configuration list for PBXNativeTarget "FetchImageUITests" */ = {
			isa = XCConfigurationList;
			buildConfigurations = (
				3048446F1F0BF5F70018C64D /* Debug */,
				304844701F0BF5F70018C64D /* Release */,
			);
			defaultConfigurationIsVisible = 0;
		};
/* End XCConfigurationList section */
	};
	rootObject = 304844381F0BF5F60018C64D /* Project object */;
}
